
Microsoft Visual Studio Solution File, Format Version 12.00
# Visual Studio Version 17
VisualStudioVersion = 17.9.34728.123
MinimumVisualStudioVersion = 10.0.40219.1
Project("{FAE04EC0-301F-11D3-BF4B-00C04F79EFBC}") = "ContactsList", "ContactsList\ContactsList.csproj", "{92560499-7452-4BAC-AA75-A4F0E4438741}"
EndProject
Global
	GlobalSection(SolutionConfigurationPlatforms) = preSolution
		Debug|Any CPU = Debug|Any CPU
		Release|Any CPU = Release|Any CPU
	EndGlobalSection
	GlobalSection(ProjectConfigurationPlatforms) = postSolution
		{92560499-7452-4BAC-AA75-A4F0E4438741}.Debug|Any CPU.ActiveCfg = Debug|Any CPU
		{92560499-7452-4BAC-AA75-A4F0E4438741}.Debug|Any CPU.Build.0 = Debug|Any CPU
		{92560499-7452-4BAC-AA75-A4F0E4438741}.Release|Any CPU.ActiveCfg = Release|Any CPU
		{92560499-7452-4BAC-AA75-A4F0E4438741}.Release|Any CPU.Build.0 = Release|Any CPU
	EndGlobalSection
	GlobalSection(SolutionProperties) = preSolution
		HideSolutionNode = FALSE
	EndGlobalSection
	GlobalSection(ExtensibilityGlobals) = postSolution
		SolutionGuid = {408A4946-8ABB-4ECD-8673-0C2A09017FAB}
	EndGlobalSection
EndGlobal
